
Microsoft Visual Studio Solution File, Format Version 12.00
# Visual Studio Version 17
VisualStudioVersion = 17.3.32929.385
MinimumVisualStudioVersion = 10.0.40219.1
Project("{FAE04EC0-301F-11D3-BF4B-00C04F79EFBC}") = "Frukt_Klasser_Uppgift", "Frukt_Klasser_Uppgift.csproj", "{8B09BE81-F84C-4DCC-98F2-21B036344F85}"
EndProject
Global
	GlobalSection(SolutionConfigurationPlatforms) = preSolution
		Debug|Any CPU = Debug|Any CPU
		Release|Any CPU = Release|Any CPU
	EndGlobalSection
	GlobalSection(ProjectConfigurationPlatforms) = postSolution
		{8B09BE81-F84C-4DCC-98F2-21B036344F85}.Debug|Any CPU.ActiveCfg = Debug|Any CPU
		{8B09BE81-F84C-4DCC-98F2-21B036344F85}.Debug|Any CPU.Build.0 = Debug|Any CPU
		{8B09BE81-F84C-4DCC-98F2-21B036344F85}.Release|Any CPU.ActiveCfg = Release|Any CPU
		{8B09BE81-F84C-4DCC-98F2-21B036344F85}.Release|Any CPU.Build.0 = Release|Any CPU
	EndGlobalSection
	GlobalSection(SolutionProperties) = preSolution
		HideSolutionNode = FALSE
	EndGlobalSection
	GlobalSection(ExtensibilityGlobals) = postSolution
		SolutionGuid = {ACA412E6-1AE8-4C1C-89CF-BDBD1A090175}
	EndGlobalSection
EndGlobal
